
Microsoft Visual Studio Solution File, Format Version 12.00
# Visual Studio 15
VisualStudioVersion = 15.0.27130.2020
MinimumVisualStudioVersion = 10.0.40219.1
Project("{FAE04EC0-301F-11D3-BF4B-00C04F79EFBC}") = "ex", "ex\ex.csproj", "{5D90BDDD-08CD-49A1-924A-B3AE7759E006}"
EndProject
Global
	GlobalSection(SolutionConfigurationPlatforms) = preSolution
		Debug|Any CPU = Debug|Any CPU
		Release|Any CPU = Release|Any CPU
	EndGlobalSection
	GlobalSection(ProjectConfigurationPlatforms) = postSolution
		{5D90BDDD-08CD-49A1-924A-B3AE7759E006}.Debug|Any CPU.ActiveCfg = Debug|Any CPU
		{5D90BDDD-08CD-49A1-924A-B3AE7759E006}.Debug|Any CPU.Build.0 = Debug|Any CPU
		{5D90BDDD-08CD-49A1-924A-B3AE7759E006}.Release|Any CPU.ActiveCfg = Release|Any CPU
		{5D90BDDD-08CD-49A1-924A-B3AE7759E006}.Release|Any CPU.Build.0 = Release|Any CPU
	EndGlobalSection
	GlobalSection(SolutionProperties) = preSolution
		HideSolutionNode = FALSE
	EndGlobalSection
	GlobalSection(ExtensibilityGlobals) = postSolution
		SolutionGuid = {C51FFAAD-7D67-44FC-BCA2-3238D681DF7F}
	EndGlobalSection
EndGlobal
