
Microsoft Visual Studio Solution File, Format Version 12.00
# Visual Studio 15
VisualStudioVersion = 15.0.27130.2020
MinimumVisualStudioVersion = 10.0.40219.1
Project("{FAE04EC0-301F-11D3-BF4B-00C04F79EFBC}") = "button", "button\button.csproj", "{7A132D0D-A9C7-4929-B31F-68B1D7386059}"
EndProject
Global
	GlobalSection(SolutionConfigurationPlatforms) = preSolution
		Debug|Any CPU = Debug|Any CPU
		Release|Any CPU = Release|Any CPU
	EndGlobalSection
	GlobalSection(ProjectConfigurationPlatforms) = postSolution
		{7A132D0D-A9C7-4929-B31F-68B1D7386059}.Debug|Any CPU.ActiveCfg = Debug|Any CPU
		{7A132D0D-A9C7-4929-B31F-68B1D7386059}.Debug|Any CPU.Build.0 = Debug|Any CPU
		{7A132D0D-A9C7-4929-B31F-68B1D7386059}.Release|Any CPU.ActiveCfg = Release|Any CPU
		{7A132D0D-A9C7-4929-B31F-68B1D7386059}.Release|Any CPU.Build.0 = Release|Any CPU
	EndGlobalSection
	GlobalSection(SolutionProperties) = preSolution
		HideSolutionNode = FALSE
	EndGlobalSection
	GlobalSection(ExtensibilityGlobals) = postSolution
		SolutionGuid = {EDFD5701-A570-4A4F-9D5D-6B48B26CD468}
	EndGlobalSection
EndGlobal
